// !$*UTF8*$!
{
	archiveVersion = 1;
	classes = {
	};
	objectVersion = 46;
	objects = {

/* Begin PBXBuildFile section */
		BF3A3CA71CA17BA5003357F1 /* AppDelegate.swift in Sources */ = {isa = PBXBuildFile; fileRef = BF3A3CA61CA17BA5003357F1 /* AppDelegate.swift */; };
		BF3A3CA91CA17BA5003357F1 /* ViewController.swift in Sources */ = {isa = PBXBuildFile; fileRef = BF3A3CA81CA17BA5003357F1 /* ViewController.swift */; };
		BF3A3CAC1CA17BA5003357F1 /* Main.storyboard in Resources */ = {isa = PBXBuildFile; fileRef = BF3A3CAA1CA17BA5003357F1 /* Main.storyboard */; };
		BF3A3CAE1CA17BA5003357F1 /* Assets.xcassets in Resources */ = {isa = PBXBuildFile; fileRef = BF3A3CAD1CA17BA5003357F1 /* Assets.xcassets */; };
		BF3A3CB11CA17BA5003357F1 /* LaunchScreen.storyboard in Resources */ = {isa = PBXBuildFile; fileRef = BF3A3CAF1CA17BA5003357F1 /* LaunchScreen.storyboard */; };
		BF3A3CBC1CA17BA5003357F1 /* tuto3Tests.swift in Sources */ = {isa = PBXBuildFile; fileRef = BF3A3CBB1CA17BA5003357F1 /* tuto3Tests.swift */; };
/* End PBXBuildFile section */

/* Begin PBXContainerItemProxy section */
		BF3A3CB81CA17BA5003357F1 /* PBXContainerItemProxy */ = {
			isa = PBXContainerItemProxy;
			containerPortal = BF3A3C9B1CA17BA5003357F1 /* Project object */;
			proxyType = 1;
			remoteGlobalIDString = BF3A3CA21CA17BA5003357F1;
			remoteInfo = tuto3;
		};
/* End PBXContainerItemProxy section */

/* Begin PBXFileReference section */
		BF3A3CA31CA17BA5003357F1 /* tuto3.app */ = {isa = PBXFileReference; explicitFileType = wrapper.application; includeInIndex = 0; path = tuto3.app; sourceTree = BUILT_PRODUCTS_DIR; };
		BF3A3CA61CA17BA5003357F1 /* AppDelegate.swift */ = {isa = PBXFileReference; lastKnownFileType = sourcecode.swift; path = AppDelegate.swift; sourceTree = "<group>"; };
		BF3A3CA81CA17BA5003357F1 /* ViewController.swift */ = {isa = PBXFileReference; lastKnownFileType = sourcecode.swift; path = ViewController.swift; sourceTree = "<group>"; };
		BF3A3CAB1CA17BA5003357F1 /* Base */ = {isa = PBXFileReference; lastKnownFileType = file.storyboard; name = Base; path = Base.lproj/Main.storyboard; sourceTree = "<group>"; };
		BF3A3CAD1CA17BA5003357F1 /* Assets.xcassets */ = {isa = PBXFileReference; lastKnownFileType = folder.assetcatalog; path = Assets.xcassets; sourceTree = "<group>"; };
		BF3A3CB01CA17BA5003357F1 /* Base */ = {isa = PBXFileReference; lastKnownFileType = file.storyboard; name = Base; path = Base.lproj/LaunchScreen.storyboard; sourceTree = "<group>"; };
		BF3A3CB21CA17BA5003357F1 /* Info.plist */ = {isa = PBXFileReference; lastKnownFileType = text.plist.xml; path = Info.plist; sourceTree = "<group>"; };
		BF3A3CB71CA17BA5003357F1 /* tuto3Tests.xctest */ = {isa = PBXFileReference; explicitFileType = wrapper.cfbundle; includeInIndex = 0; path = tuto3Tests.xctest; sourceTree = BUILT_PRODUCTS_DIR; };
		BF3A3CBB1CA17BA5003357F1 /* tuto3Tests.swift */ = {isa = PBXFileReference; lastKnownFileType = sourcecode.swift; path = tuto3Tests.swift; sourceTree = "<group>"; };
		BF3A3CBD1CA17BA5003357F1 /* Info.plist */ = {isa = PBXFileReference; lastKnownFileType = text.plist.xml; path = Info.plist; sourceTree = "<group>"; };
/* End PBXFileReference section */

/* Begin PBXFrameworksBuildPhase section */
		BF3A3CA01CA17BA5003357F1 /* Frameworks */ = {
			isa = PBXFrameworksBuildPhase;
			buildActionMask = 2147483647;
			files = (
			);
			runOnlyForDeploymentPostprocessing = 0;
		};
		BF3A3CB41CA17BA5003357F1 /* Frameworks */ = {
			isa = PBXFrameworksBuildPhase;
			buildActionMask = 2147483647;
			files = (
			);
			runOnlyForDeploymentPostprocessing = 0;
		};
/* End PBXFrameworksBuildPhase section */

/* Begin PBXGroup section */
		BF3A3C9A1CA17BA5003357F1 = {
			isa = PBXGroup;
			children = (
				BF3A3CA51CA17BA5003357F1 /* tuto3 */,
				BF3A3CBA1CA17BA5003357F1 /* tuto3Tests */,
				BF3A3CA41CA17BA5003357F1 /* Products */,
			);
			sourceTree = "<group>";
		};
		BF3A3CA41CA17BA5003357F1 /* Products */ = {
			isa = PBXGroup;
			children = (
				BF3A3CA31CA17BA5003357F1 /* tuto3.app */,
				BF3A3CB71CA17BA5003357F1 /* tuto3Tests.xctest */,
			);
			name = Products;
			sourceTree = "<group>";
		};
		BF3A3CA51CA17BA5003357F1 /* tuto3 */ = {
			isa = PBXGroup;
			children = (
				BF3A3CA61CA17BA5003357F1 /* AppDelegate.swift */,
				BF3A3CA81CA17BA5003357F1 /* ViewController.swift */,
				BF3A3CAA1CA17BA5003357F1 /* Main.storyboard */,
				BF3A3CAD1CA17BA5003357F1 /* Assets.xcassets */,
				BF3A3CAF1CA17BA5003357F1 /* LaunchScreen.storyboard */,
				BF3A3CB21CA17BA5003357F1 /* Info.plist */,
			);
			path = tuto3;
			sourceTree = "<group>";
		};
		BF3A3CBA1CA17BA5003357F1 /* tuto3Tests */ = {
			isa = PBXGroup;
			children = (
				BF3A3CBB1CA17BA5003357F1 /* tuto3Tests.swift */,
				BF3A3CBD1CA17BA5003357F1 /* Info.plist */,
			);
			path = tuto3Tests;
			sourceTree = "<group>";
		};
/* End PBXGroup section */

/* Begin PBXNativeTarget section */
		BF3A3CA21CA17BA5003357F1 /* tuto3 */ = {
			isa = PBXNativeTarget;
			buildConfigurationList = BF3A3CC01CA17BA5003357F1 /* Build configuration list for PBXNativeTarget "tuto3" */;
			buildPhases = (
				BF3A3C9F1CA17BA5003357F1 /* Sources */,
				BF3A3CA01CA17BA5003357F1 /* Frameworks */,
				BF3A3CA11CA17BA5003357F1 /* Resources */,
			);
			buildRules = (
			);
			dependencies = (
			);
			name = tuto3;
			productName = tuto3;
			productReference = BF3A3CA31CA17BA5003357F1 /* tuto3.app */;
			productType = "com.apple.product-type.application";
		};
		BF3A3CB61CA17BA5003357F1 /* tuto3Tests */ = {
			isa = PBXNativeTarget;
			buildConfigurationList = BF3A3CC31CA17BA5003357F1 /* Build configuration list for PBXNativeTarget "tuto3Tests" */;
			buildPhases = (
				BF3A3CB31CA17BA5003357F1 /* Sources */,
				BF3A3CB41CA17BA5003357F1 /* Frameworks */,
				BF3A3CB51CA17BA5003357F1 /* Resources */,
			);
			buildRules = (
			);
			dependencies = (
				BF3A3CB91CA17BA5003357F1 /* PBXTargetDependency */,
			);
			name = tuto3Tests;
			productName = tuto3Tests;
			productReference = BF3A3CB71CA17BA5003357F1 /* tuto3Tests.xctest */;
			productType = "com.apple.product-type.bundle.unit-test";
		};
/* End PBXNativeTarget section */

/* Begin PBXProject section */
		BF3A3C9B1CA17BA5003357F1 /* Project object */ = {
			isa = PBXProject;
			attributes = {
				LastSwiftUpdateCheck = 0720;
				LastUpgradeCheck = 0720;
				ORGANIZATIONNAME = "Joseph Pereniguez";
				TargetAttributes = {
					BF3A3CA21CA17BA5003357F1 = {
						CreatedOnToolsVersion = 7.2.1;
					};
					BF3A3CB61CA17BA5003357F1 = {
						CreatedOnToolsVersion = 7.2.1;
						TestTargetID = BF3A3CA21CA17BA5003357F1;
					};
				};
			};
			buildConfigurationList = BF3A3C9E1CA17BA5003357F1 /* Build configuration list for PBXProject "tuto3" */;
			compatibilityVersion = "Xcode 3.2";
			developmentRegion = English;
			hasScannedForEncodings = 0;
			knownRegions = (
				en,
				Base,
			);
			mainGroup = BF3A3C9A1CA17BA5003357F1;
			productRefGroup = BF3A3CA41CA17BA5003357F1 /* Products */;
			projectDirPath = "";
			projectRoot = "";
			targets = (
				BF3A3CA21CA17BA5003357F1 /* tuto3 */,
				BF3A3CB61CA17BA5003357F1 /* tuto3Tests */,
			);
		};
/* End PBXProject section */

/* Begin PBXResourcesBuildPhase section */
		BF3A3CA11CA17BA5003357F1 /* Resources */ = {
			isa = PBXResourcesBuildPhase;
			buildActionMask = 2147483647;
			files = (
				BF3A3CB11CA17BA5003357F1 /* LaunchScreen.storyboard in Resources */,
				BF3A3CAE1CA17BA5003357F1 /* Assets.xcassets in Resources */,
				BF3A3CAC1CA17BA5003357F1 /* Main.storyboard in Resources */,
			);
			runOnlyForDeploymentPostprocessing = 0;
		};
		BF3A3CB51CA17BA5003357F1 /* Resources */ = {
			isa = PBXResourcesBuildPhase;
			buildActionMask = 2147483647;
			files = (
			);
			runOnlyForDeploymentPostprocessing = 0;
		};
/* End PBXResourcesBuildPhase section */

/* Begin PBXSourcesBuildPhase section */
		BF3A3C9F1CA17BA5003357F1 /* Sources */ = {
			isa = PBXSourcesBuildPhase;
			buildActionMask = 2147483647;
			files = (
				BF3A3CA91CA17BA5003357F1 /* ViewController.swift in Sources */,
				BF3A3CA71CA17BA5003357F1 /* AppDelegate.swift in Sources */,
			);
			runOnlyForDeploymentPostprocessing = 0;
		};
		BF3A3CB31CA17BA5003357F1 /* Sources */ = {
			isa = PBXSourcesBuildPhase;
			buildActionMask = 2147483647;
			files = (
				BF3A3CBC1CA17BA5003357F1 /* tuto3Tests.swift in Sources */,
			);
			runOnlyForDeploymentPostprocessing = 0;
		};
/* End PBXSourcesBuildPhase section */

/* Begin PBXTargetDependency section */
		BF3A3CB91CA17BA5003357F1 /* PBXTargetDependency */ = {
			isa = PBXTargetDependency;
			target = BF3A3CA21CA17BA5003357F1 /* tuto3 */;
			targetProxy = BF3A3CB81CA17BA5003357F1 /* PBXContainerItemProxy */;
		};
/* End PBXTargetDependency section */

/* Begin PBXVariantGroup section */
		BF3A3CAA1CA17BA5003357F1 /* Main.storyboard */ = {
			isa = PBXVariantGroup;
			children = (
				BF3A3CAB1CA17BA5003357F1 /* Base */,
			);
			name = Main.storyboard;
			sourceTree = "<group>";
		};
		BF3A3CAF1CA17BA5003357F1 /* LaunchScreen.storyboard */ = {
			isa = PBXVariantGroup;
			children = (
				BF3A3CB01CA17BA5003357F1 /* Base */,
			);
			name = LaunchScreen.storyboard;
			sourceTree = "<group>";
		};
/* End PBXVariantGroup section */

/* Begin XCBuildConfiguration section */
		BF3A3CBE1CA17BA5003357F1 /* Debug */ = {
			isa = XCBuildConfiguration;
			buildSettings = {
				ALWAYS_SEARCH_USER_PATHS = NO;
				CLANG_CXX_LANGUAGE_STANDARD = "gnu++0x";
				CLANG_CXX_LIBRARY = "libc++";
				CLANG_ENABLE_MODULES = YES;
				CLANG_ENABLE_OBJC_ARC = YES;
				CLANG_WARN_BOOL_CONVERSION = YES;
				CLANG_WARN_CONSTANT_CONVERSION = YES;
				CLANG_WARN_DIRECT_OBJC_ISA_USAGE = YES_ERROR;
				CLANG_WARN_EMPTY_BODY = YES;
				CLANG_WARN_ENUM_CONVERSION = YES;
				CLANG_WARN_INT_CONVERSION = YES;
				CLANG_WARN_OBJC_ROOT_CLASS = YES_ERROR;
				CLANG_WARN_UNREACHABLE_CODE = YES;
				CLANG_WARN__DUPLICATE_METHOD_MATCH = YES;
				"CODE_SIGN_IDENTITY[sdk=iphoneos*]" = "iPhone Developer";
				COPY_PHASE_STRIP = NO;
				DEBUG_INFORMATION_FORMAT = dwarf;
				ENABLE_STRICT_OBJC_MSGSEND = YES;
				ENABLE_TESTABILITY = YES;
				GCC_C_LANGUAGE_STANDARD = gnu99;
				GCC_DYNAMIC_NO_PIC = NO;
				GCC_NO_COMMON_BLOCKS = YES;
				GCC_OPTIMIZATION_LEVEL = 0;
				GCC_PREPROCESSOR_DEFINITIONS = (
					"DEBUG=1",
					"$(inherited)",
				);
				GCC_WARN_64_TO_32_BIT_CONVERSION = YES;
				GCC_WARN_ABOUT_RETURN_TYPE = YES_ERROR;
				GCC_WARN_UNDECLARED_SELECTOR = YES;
				GCC_WARN_UNINITIALIZED_AUTOS = YES_AGGRESSIVE;
				GCC_WARN_UNUSED_FUNCTION = YES;
				GCC_WARN_UNUSED_VARIABLE = YES;
				IPHONEOS_DEPLOYMENT_TARGET = 9.2;
				MTL_ENABLE_DEBUG_INFO = YES;
				ONLY_ACTIVE_ARCH = YES;
				SDKROOT = iphoneos;
				SWIFT_OPTIMIZATION_LEVEL = "-Onone";
				TARGETED_DEVICE_FAMILY = "1,2";
			};
			name = Debug;
		};
		BF3A3CBF1CA17BA5003357F1 /* Release */ = {
			isa = XCBuildConfiguration;
			buildSettings = {
				ALWAYS_SEARCH_USER_PATHS = NO;
				CLANG_CXX_LANGUAGE_STANDARD = "gnu++0x";
				CLANG_CXX_LIBRARY = "libc++";
				CLANG_ENABLE_MODULES = YES;
				CLANG_ENABLE_OBJC_ARC = YES;
				CLANG_WARN_BOOL_CONVERSION = YES;
				CLANG_WARN_CONSTANT_CONVERSION = YES;
				CLANG_WARN_DIRECT_OBJC_ISA_USAGE = YES_ERROR;
				CLANG_WARN_EMPTY_BODY = YES;
				CLANG_WARN_ENUM_CONVERSION = YES;
				CLANG_WARN_INT_CONVERSION = YES;
				CLANG_WARN_OBJC_ROOT_CLASS = YES_ERROR;
				CLANG_WARN_UNREACHABLE_CODE = YES;
				CLANG_WARN__DUPLICATE_METHOD_MATCH = YES;
				"CODE_SIGN_IDENTITY[sdk=iphoneos*]" = "iPhone Developer";
				COPY_PHASE_STRIP = NO;
				DEBUG_INFORMATION_FORMAT = "dwarf-with-dsym";
				ENABLE_NS_ASSERTIONS = NO;
				ENABLE_STRICT_OBJC_MSGSEND = YES;
				GCC_C_LANGUAGE_STANDARD = gnu99;
				GCC_NO_COMMON_BLOCKS = YES;
				GCC_WARN_64_TO_32_BIT_CONVERSION = YES;
				GCC_WARN_ABOUT_RETURN_TYPE = YES_ERROR;
				GCC_WARN_UNDECLARED_SELECTOR = YES;
				GCC_WARN_UNINITIALIZED_AUTOS = YES_AGGRESSIVE;
				GCC_WARN_UNUSED_FUNCTION = YES;
				GCC_WARN_UNUSED_VARIABLE = YES;
				IPHONEOS_DEPLOYMENT_TARGET = 9.2;
				MTL_ENABLE_DEBUG_INFO = NO;
				SDKROOT = iphoneos;
				TARGETED_DEVICE_FAMILY = "1,2";
				VALIDATE_PRODUCT = YES;
			};
			name = Release;
		};
		BF3A3CC11CA17BA5003357F1 /* Debug */ = {
			isa = XCBuildConfiguration;
			buildSettings = {
				ASSETCATALOG_COMPILER_APPICON_NAME = AppIcon;
				INFOPLIST_FILE = tuto3/Info.plist;
				LD_RUNPATH_SEARCH_PATHS = "$(inherited) @executable_path/Frameworks";
				PRODUCT_BUNDLE_IDENTIFIER = Estay.tuto3;
				PRODUCT_NAME = "$(TARGET_NAME)";
			};
			name = Debug;
		};
		BF3A3CC21CA17BA5003357F1 /* Release */ = {
			isa = XCBuildConfiguration;
			buildSettings = {
				ASSETCATALOG_COMPILER_APPICON_NAME = AppIcon;
				INFOPLIST_FILE = tuto3/Info.plist;
				LD_RUNPATH_SEARCH_PATHS = "$(inherited) @executable_path/Frameworks";
				PRODUCT_BUNDLE_IDENTIFIER = Estay.tuto3;
				PRODUCT_NAME = "$(TARGET_NAME)";
			};
			name = Release;
		};
		BF3A3CC41CA17BA5003357F1 /* Debug */ = {
			isa = XCBuildConfiguration;
			buildSettings = {
				BUNDLE_LOADER = "$(TEST_HOST)";
				INFOPLIST_FILE = tuto3Tests/Info.plist;
				LD_RUNPATH_SEARCH_PATHS = "$(inherited) @executable_path/Frameworks @loader_path/Frameworks";
				PRODUCT_BUNDLE_IDENTIFIER = Estay.tuto3Tests;
				PRODUCT_NAME = "$(TARGET_NAME)";
				TEST_HOST = "$(BUILT_PRODUCTS_DIR)/tuto3.app/tuto3";
			};
			name = Debug;
		};
		BF3A3CC51CA17BA5003357F1 /* Release */ = {
			isa = XCBuildConfiguration;
			buildSettings = {
				BUNDLE_LOADER = "$(TEST_HOST)";
				INFOPLIST_FILE = tuto3Tests/Info.plist;
				LD_RUNPATH_SEARCH_PATHS = "$(inherited) @executable_path/Frameworks @loader_path/Frameworks";
				PRODUCT_BUNDLE_IDENTIFIER = Estay.tuto3Tests;
				PRODUCT_NAME = "$(TARGET_NAME)";
				TEST_HOST = "$(BUILT_PRODUCTS_DIR)/tuto3.app/tuto3";
			};
			name = Release;
		};
/* End XCBuildConfiguration section */

/* Begin XCConfigurationList section */
		BF3A3C9E1CA17BA5003357F1 /* Build configuration list for PBXProject "tuto3" */ = {
			isa = XCConfigurationList;
			buildConfigurations = (
				BF3A3CBE1CA17BA5003357F1 /* Debug */,
				BF3A3CBF1CA17BA5003357F1 /* Release */,
			);
			defaultConfigurationIsVisible = 0;
			defaultConfigurationName = Release;
		};
		BF3A3CC01CA17BA5003357F1 /* Build configuration list for PBXNativeTarget "tuto3" */ = {
			isa = XCConfigurationList;
			buildConfigurations = (
				BF3A3CC11CA17BA5003357F1 /* Debug */,
				BF3A3CC21CA17BA5003357F1 /* Release */,
			);
			defaultConfigurationIsVisible = 0;
		};
		BF3A3CC31CA17BA5003357F1 /* Build configuration list for PBXNativeTarget "tuto3Tests" */ = {
			isa = XCConfigurationList;
			buildConfigurations = (
				BF3A3CC41CA17BA5003357F1 /* Debug */,
				BF3A3CC51CA17BA5003357F1 /* Release */,
			);
			defaultConfigurationIsVisible = 0;
		};
/* End XCConfigurationList section */
	};
	rootObject = BF3A3C9B1CA17BA5003357F1 /* Project object */;
}
