// !$*UTF8*$!
{
	archiveVersion = 1;
	classes = {
	};
	objectVersion = 48;
	objects = {

/* Begin PBXBuildFile section */
		BF4C6248203B3A24008107B4 /* AppDelegate.swift in Sources */ = {isa = PBXBuildFile; fileRef = BF4C6247203B3A24008107B4 /* AppDelegate.swift */; };
		BF4C624A203B3A24008107B4 /* ViewController.swift in Sources */ = {isa = PBXBuildFile; fileRef = BF4C6249203B3A24008107B4 /* ViewController.swift */; };
		BF4C624D203B3A24008107B4 /* Main.storyboard in Resources */ = {isa = PBXBuildFile; fileRef = BF4C624B203B3A24008107B4 /* Main.storyboard */; };
		BF4C624F203B3A24008107B4 /* Assets.xcassets in Resources */ = {isa = PBXBuildFile; fileRef = BF4C624E203B3A24008107B4 /* Assets.xcassets */; };
		BF4C6252203B3A24008107B4 /* LaunchScreen.storyboard in Resources */ = {isa = PBXBuildFile; fileRef = BF4C6250203B3A24008107B4 /* LaunchScreen.storyboard */; };
		BF638AAB203C847E009AAB09 /* Task.swift in Sources */ = {isa = PBXBuildFile; fileRef = BF638AAA203C847E009AAB09 /* Task.swift */; };
		BF638AAD203C8566009AAB09 /* Project.swift in Sources */ = {isa = PBXBuildFile; fileRef = BF638AAC203C8566009AAB09 /* Project.swift */; };
		BF638AAF203C857B009AAB09 /* User.swift in Sources */ = {isa = PBXBuildFile; fileRef = BF638AAE203C857A009AAB09 /* User.swift */; };
		BF7961E1203B3E2200A885EB /* GoogleService-Info.plist in Resources */ = {isa = PBXBuildFile; fileRef = BF7961E0203B3E2200A885EB /* GoogleService-Info.plist */; };
		BF7961E3203B423400A885EB /* LoginViewController.swift in Sources */ = {isa = PBXBuildFile; fileRef = BF7961E2203B423400A885EB /* LoginViewController.swift */; };
		BF7961E5203B459800A885EB /* SignupViewController.swift in Sources */ = {isa = PBXBuildFile; fileRef = BF7961E4203B459800A885EB /* SignupViewController.swift */; };
		BF8F6F71204485CA00D187FB /* ProjectCell.swift in Sources */ = {isa = PBXBuildFile; fileRef = BF8F6F70204485CA00D187FB /* ProjectCell.swift */; };
		BF8F6F792045C90900D187FB /* ToDoListTests.swift in Sources */ = {isa = PBXBuildFile; fileRef = BF8F6F782045C90900D187FB /* ToDoListTests.swift */; };
		BFD9E0C12041996E00F92BC7 /* ProjectViewController.swift in Sources */ = {isa = PBXBuildFile; fileRef = BFD9E0C02041996E00F92BC7 /* ProjectViewController.swift */; };
		BFD9E0C3204199AF00F92BC7 /* ProjectTableViewController.swift in Sources */ = {isa = PBXBuildFile; fileRef = BFD9E0C2204199AF00F92BC7 /* ProjectTableViewController.swift */; };
/* End PBXBuildFile section */

/* Begin PBXContainerItemProxy section */
		BF8F6F7B2045C90900D187FB /* PBXContainerItemProxy */ = {
			isa = PBXContainerItemProxy;
			containerPortal = BF4C623C203B3A24008107B4 /* Project object */;
			proxyType = 1;
			remoteGlobalIDString = BF4C6243203B3A24008107B4;
			remoteInfo = ToDoList;
		};
/* End PBXContainerItemProxy section */

/* Begin PBXFileReference section */
		BF4C6244203B3A24008107B4 /* ToDoList.app */ = {isa = PBXFileReference; explicitFileType = wrapper.application; includeInIndex = 0; path = ToDoList.app; sourceTree = BUILT_PRODUCTS_DIR; };
		BF4C6247203B3A24008107B4 /* AppDelegate.swift */ = {isa = PBXFileReference; lastKnownFileType = sourcecode.swift; path = AppDelegate.swift; sourceTree = "<group>"; };
		BF4C6249203B3A24008107B4 /* ViewController.swift */ = {isa = PBXFileReference; lastKnownFileType = sourcecode.swift; path = ViewController.swift; sourceTree = "<group>"; };
		BF4C624C203B3A24008107B4 /* Base */ = {isa = PBXFileReference; lastKnownFileType = file.storyboard; name = Base; path = Base.lproj/Main.storyboard; sourceTree = "<group>"; };
		BF4C624E203B3A24008107B4 /* Assets.xcassets */ = {isa = PBXFileReference; lastKnownFileType = folder.assetcatalog; path = Assets.xcassets; sourceTree = "<group>"; };
		BF4C6251203B3A24008107B4 /* Base */ = {isa = PBXFileReference; lastKnownFileType = file.storyboard; name = Base; path = Base.lproj/LaunchScreen.storyboard; sourceTree = "<group>"; };
		BF4C6253203B3A24008107B4 /* Info.plist */ = {isa = PBXFileReference; lastKnownFileType = text.plist.xml; path = Info.plist; sourceTree = "<group>"; };
		BF638AAA203C847E009AAB09 /* Task.swift */ = {isa = PBXFileReference; lastKnownFileType = sourcecode.swift; path = Task.swift; sourceTree = "<group>"; };
		BF638AAC203C8566009AAB09 /* Project.swift */ = {isa = PBXFileReference; lastKnownFileType = sourcecode.swift; path = Project.swift; sourceTree = "<group>"; };
		BF638AAE203C857A009AAB09 /* User.swift */ = {isa = PBXFileReference; lastKnownFileType = sourcecode.swift; path = User.swift; sourceTree = "<group>"; };
		BF7961E0203B3E2200A885EB /* GoogleService-Info.plist */ = {isa = PBXFileReference; fileEncoding = 4; lastKnownFileType = text.plist.xml; path = "GoogleService-Info.plist"; sourceTree = "<group>"; };
		BF7961E2203B423400A885EB /* LoginViewController.swift */ = {isa = PBXFileReference; lastKnownFileType = sourcecode.swift; path = LoginViewController.swift; sourceTree = "<group>"; };
		BF7961E4203B459800A885EB /* SignupViewController.swift */ = {isa = PBXFileReference; lastKnownFileType = sourcecode.swift; path = SignupViewController.swift; sourceTree = "<group>"; };
		BF8F6F70204485CA00D187FB /* ProjectCell.swift */ = {isa = PBXFileReference; lastKnownFileType = sourcecode.swift; path = ProjectCell.swift; sourceTree = "<group>"; };
		BF8F6F762045C90900D187FB /* ToDoListTests.xctest */ = {isa = PBXFileReference; explicitFileType = wrapper.cfbundle; includeInIndex = 0; path = ToDoListTests.xctest; sourceTree = BUILT_PRODUCTS_DIR; };
		BF8F6F782045C90900D187FB /* ToDoListTests.swift */ = {isa = PBXFileReference; lastKnownFileType = sourcecode.swift; path = ToDoListTests.swift; sourceTree = "<group>"; };
		BF8F6F7A2045C90900D187FB /* Info.plist */ = {isa = PBXFileReference; lastKnownFileType = text.plist.xml; path = Info.plist; sourceTree = "<group>"; };
		BFD9E0C02041996E00F92BC7 /* ProjectViewController.swift */ = {isa = PBXFileReference; lastKnownFileType = sourcecode.swift; path = ProjectViewController.swift; sourceTree = "<group>"; };
		BFD9E0C2204199AF00F92BC7 /* ProjectTableViewController.swift */ = {isa = PBXFileReference; lastKnownFileType = sourcecode.swift; path = ProjectTableViewController.swift; sourceTree = "<group>"; };
/* End PBXFileReference section */

/* Begin PBXFrameworksBuildPhase section */
		BF4C6241203B3A24008107B4 /* Frameworks */ = {
			isa = PBXFrameworksBuildPhase;
			buildActionMask = 2147483647;
			files = (
			);
			runOnlyForDeploymentPostprocessing = 0;
		};
		BF8F6F732045C90900D187FB /* Frameworks */ = {
			isa = PBXFrameworksBuildPhase;
			buildActionMask = 2147483647;
			files = (
			);
			runOnlyForDeploymentPostprocessing = 0;
		};
/* End PBXFrameworksBuildPhase section */

/* Begin PBXGroup section */
		BF4C623B203B3A24008107B4 = {
			isa = PBXGroup;
			children = (
				BF4C6246203B3A24008107B4 /* ToDoList */,
				BF8F6F772045C90900D187FB /* ToDoListTests */,
				BF4C6245203B3A24008107B4 /* Products */,
			);
			sourceTree = "<group>";
		};
		BF4C6245203B3A24008107B4 /* Products */ = {
			isa = PBXGroup;
			children = (
				BF4C6244203B3A24008107B4 /* ToDoList.app */,
				BF8F6F762045C90900D187FB /* ToDoListTests.xctest */,
			);
			name = Products;
			sourceTree = "<group>";
		};
		BF4C6246203B3A24008107B4 /* ToDoList */ = {
			isa = PBXGroup;
			children = (
				BF8F6F6F2044858B00D187FB /* Cells */,
				BF638AB1203C85A2009AAB09 /* Objects */,
				BF638AB0203C858C009AAB09 /* Views */,
				BF4C6247203B3A24008107B4 /* AppDelegate.swift */,
				BF4C624B203B3A24008107B4 /* Main.storyboard */,
				BF4C624E203B3A24008107B4 /* Assets.xcassets */,
				BF4C6250203B3A24008107B4 /* LaunchScreen.storyboard */,
				BF4C6253203B3A24008107B4 /* Info.plist */,
				BF7961E0203B3E2200A885EB /* GoogleService-Info.plist */,
			);
			path = ToDoList;
			sourceTree = "<group>";
		};
		BF638AB0203C858C009AAB09 /* Views */ = {
			isa = PBXGroup;
			children = (
				BF7961E2203B423400A885EB /* LoginViewController.swift */,
				BF7961E4203B459800A885EB /* SignupViewController.swift */,
				BF4C6249203B3A24008107B4 /* ViewController.swift */,
				BFD9E0C02041996E00F92BC7 /* ProjectViewController.swift */,
				BFD9E0C2204199AF00F92BC7 /* ProjectTableViewController.swift */,
			);
			path = Views;
			sourceTree = "<group>";
		};
		BF638AB1203C85A2009AAB09 /* Objects */ = {
			isa = PBXGroup;
			children = (
				BF638AAA203C847E009AAB09 /* Task.swift */,
				BF638AAC203C8566009AAB09 /* Project.swift */,
				BF638AAE203C857A009AAB09 /* User.swift */,
			);
			path = Objects;
			sourceTree = "<group>";
		};
		BF8F6F6F2044858B00D187FB /* Cells */ = {
			isa = PBXGroup;
			children = (
				BF8F6F70204485CA00D187FB /* ProjectCell.swift */,
			);
			path = Cells;
			sourceTree = "<group>";
		};
		BF8F6F772045C90900D187FB /* ToDoListTests */ = {
			isa = PBXGroup;
			children = (
				BF8F6F782045C90900D187FB /* ToDoListTests.swift */,
				BF8F6F7A2045C90900D187FB /* Info.plist */,
			);
			path = ToDoListTests;
			sourceTree = "<group>";
		};
/* End PBXGroup section */

/* Begin PBXNativeTarget section */
		BF4C6243203B3A24008107B4 /* ToDoList */ = {
			isa = PBXNativeTarget;
			buildConfigurationList = BF4C6256203B3A24008107B4 /* Build configuration list for PBXNativeTarget "ToDoList" */;
			buildPhases = (
				BF4C6240203B3A24008107B4 /* Sources */,
				BF4C6241203B3A24008107B4 /* Frameworks */,
				BF4C6242203B3A24008107B4 /* Resources */,
			);
			buildRules = (
			);
			dependencies = (
			);
			name = ToDoList;
			productName = ToDoList;
			productReference = BF4C6244203B3A24008107B4 /* ToDoList.app */;
			productType = "com.apple.product-type.application";
		};
		BF8F6F752045C90900D187FB /* ToDoListTests */ = {
			isa = PBXNativeTarget;
			buildConfigurationList = BF8F6F7D2045C90900D187FB /* Build configuration list for PBXNativeTarget "ToDoListTests" */;
			buildPhases = (
				BF8F6F722045C90900D187FB /* Sources */,
				BF8F6F732045C90900D187FB /* Frameworks */,
				BF8F6F742045C90900D187FB /* Resources */,
			);
			buildRules = (
			);
			dependencies = (
				BF8F6F7C2045C90900D187FB /* PBXTargetDependency */,
			);
			name = ToDoListTests;
			productName = ToDoListTests;
			productReference = BF8F6F762045C90900D187FB /* ToDoListTests.xctest */;
			productType = "com.apple.product-type.bundle.unit-test";
		};
/* End PBXNativeTarget section */

/* Begin PBXProject section */
		BF4C623C203B3A24008107B4 /* Project object */ = {
			isa = PBXProject;
			attributes = {
				LastSwiftUpdateCheck = 0920;
				LastUpgradeCheck = 0920;
				ORGANIZATIONNAME = "Joseph Pereniguez";
				TargetAttributes = {
					BF4C6243203B3A24008107B4 = {
						CreatedOnToolsVersion = 9.2;
						ProvisioningStyle = Automatic;
					};
					BF8F6F752045C90900D187FB = {
						CreatedOnToolsVersion = 9.2;
						ProvisioningStyle = Automatic;
						TestTargetID = BF4C6243203B3A24008107B4;
					};
				};
			};
			buildConfigurationList = BF4C623F203B3A24008107B4 /* Build configuration list for PBXProject "ToDoList" */;
			compatibilityVersion = "Xcode 8.0";
			developmentRegion = en;
			hasScannedForEncodings = 0;
			knownRegions = (
				en,
				Base,
			);
			mainGroup = BF4C623B203B3A24008107B4;
			productRefGroup = BF4C6245203B3A24008107B4 /* Products */;
			projectDirPath = "";
			projectRoot = "";
			targets = (
				BF4C6243203B3A24008107B4 /* ToDoList */,
				BF8F6F752045C90900D187FB /* ToDoListTests */,
			);
		};
/* End PBXProject section */

/* Begin PBXResourcesBuildPhase section */
		BF4C6242203B3A24008107B4 /* Resources */ = {
			isa = PBXResourcesBuildPhase;
			buildActionMask = 2147483647;
			files = (
				BF4C6252203B3A24008107B4 /* LaunchScreen.storyboard in Resources */,
				BF7961E1203B3E2200A885EB /* GoogleService-Info.plist in Resources */,
				BF4C624F203B3A24008107B4 /* Assets.xcassets in Resources */,
				BF4C624D203B3A24008107B4 /* Main.storyboard in Resources */,
			);
			runOnlyForDeploymentPostprocessing = 0;
		};
		BF8F6F742045C90900D187FB /* Resources */ = {
			isa = PBXResourcesBuildPhase;
			buildActionMask = 2147483647;
			files = (
			);
			runOnlyForDeploymentPostprocessing = 0;
		};
/* End PBXResourcesBuildPhase section */

/* Begin PBXSourcesBuildPhase section */
		BF4C6240203B3A24008107B4 /* Sources */ = {
			isa = PBXSourcesBuildPhase;
			buildActionMask = 2147483647;
			files = (
				BFD9E0C12041996E00F92BC7 /* ProjectViewController.swift in Sources */,
				BF7961E3203B423400A885EB /* LoginViewController.swift in Sources */,
				BF4C624A203B3A24008107B4 /* ViewController.swift in Sources */,
				BF8F6F71204485CA00D187FB /* ProjectCell.swift in Sources */,
				BF638AAB203C847E009AAB09 /* Task.swift in Sources */,
				BF7961E5203B459800A885EB /* SignupViewController.swift in Sources */,
				BF4C6248203B3A24008107B4 /* AppDelegate.swift in Sources */,
				BF638AAD203C8566009AAB09 /* Project.swift in Sources */,
				BF638AAF203C857B009AAB09 /* User.swift in Sources */,
				BFD9E0C3204199AF00F92BC7 /* ProjectTableViewController.swift in Sources */,
			);
			runOnlyForDeploymentPostprocessing = 0;
		};
		BF8F6F722045C90900D187FB /* Sources */ = {
			isa = PBXSourcesBuildPhase;
			buildActionMask = 2147483647;
			files = (
				BF8F6F792045C90900D187FB /* ToDoListTests.swift in Sources */,
			);
			runOnlyForDeploymentPostprocessing = 0;
		};
/* End PBXSourcesBuildPhase section */

/* Begin PBXTargetDependency section */
		BF8F6F7C2045C90900D187FB /* PBXTargetDependency */ = {
			isa = PBXTargetDependency;
			target = BF4C6243203B3A24008107B4 /* ToDoList */;
			targetProxy = BF8F6F7B2045C90900D187FB /* PBXContainerItemProxy */;
		};
/* End PBXTargetDependency section */

/* Begin PBXVariantGroup section */
		BF4C624B203B3A24008107B4 /* Main.storyboard */ = {
			isa = PBXVariantGroup;
			children = (
				BF4C624C203B3A24008107B4 /* Base */,
			);
			name = Main.storyboard;
			sourceTree = "<group>";
		};
		BF4C6250203B3A24008107B4 /* LaunchScreen.storyboard */ = {
			isa = PBXVariantGroup;
			children = (
				BF4C6251203B3A24008107B4 /* Base */,
			);
			name = LaunchScreen.storyboard;
			sourceTree = "<group>";
		};
/* End PBXVariantGroup section */

/* Begin XCBuildConfiguration section */
		BF4C6254203B3A24008107B4 /* Debug */ = {
			isa = XCBuildConfiguration;
			buildSettings = {
				ALWAYS_SEARCH_USER_PATHS = NO;
				CLANG_ANALYZER_NONNULL = YES;
				CLANG_ANALYZER_NUMBER_OBJECT_CONVERSION = YES_AGGRESSIVE;
				CLANG_CXX_LANGUAGE_STANDARD = "gnu++14";
				CLANG_CXX_LIBRARY = "libc++";
				CLANG_ENABLE_MODULES = YES;
				CLANG_ENABLE_OBJC_ARC = YES;
				CLANG_WARN_BLOCK_CAPTURE_AUTORELEASING = YES;
				CLANG_WARN_BOOL_CONVERSION = YES;
				CLANG_WARN_COMMA = YES;
				CLANG_WARN_CONSTANT_CONVERSION = YES;
				CLANG_WARN_DIRECT_OBJC_ISA_USAGE = YES_ERROR;
				CLANG_WARN_DOCUMENTATION_COMMENTS = YES;
				CLANG_WARN_EMPTY_BODY = YES;
				CLANG_WARN_ENUM_CONVERSION = YES;
				CLANG_WARN_INFINITE_RECURSION = YES;
				CLANG_WARN_INT_CONVERSION = YES;
				CLANG_WARN_NON_LITERAL_NULL_CONVERSION = YES;
				CLANG_WARN_OBJC_LITERAL_CONVERSION = YES;
				CLANG_WARN_OBJC_ROOT_CLASS = YES_ERROR;
				CLANG_WARN_RANGE_LOOP_ANALYSIS = YES;
				CLANG_WARN_STRICT_PROTOTYPES = YES;
				CLANG_WARN_SUSPICIOUS_MOVE = YES;
				CLANG_WARN_UNGUARDED_AVAILABILITY = YES_AGGRESSIVE;
				CLANG_WARN_UNREACHABLE_CODE = YES;
				CLANG_WARN__DUPLICATE_METHOD_MATCH = YES;
				CODE_SIGN_IDENTITY = "iPhone Developer";
				COPY_PHASE_STRIP = NO;
				DEBUG_INFORMATION_FORMAT = dwarf;
				ENABLE_STRICT_OBJC_MSGSEND = YES;
				ENABLE_TESTABILITY = YES;
				GCC_C_LANGUAGE_STANDARD = gnu11;
				GCC_DYNAMIC_NO_PIC = NO;
				GCC_NO_COMMON_BLOCKS = YES;
				GCC_OPTIMIZATION_LEVEL = 0;
				GCC_PREPROCESSOR_DEFINITIONS = (
					"DEBUG=1",
					"$(inherited)",
				);
				GCC_WARN_64_TO_32_BIT_CONVERSION = YES;
				GCC_WARN_ABOUT_RETURN_TYPE = YES_ERROR;
				GCC_WARN_UNDECLARED_SELECTOR = YES;
				GCC_WARN_UNINITIALIZED_AUTOS = YES_AGGRESSIVE;
				GCC_WARN_UNUSED_FUNCTION = YES;
				GCC_WARN_UNUSED_VARIABLE = YES;
				IPHONEOS_DEPLOYMENT_TARGET = 11.2;
				MTL_ENABLE_DEBUG_INFO = YES;
				ONLY_ACTIVE_ARCH = YES;
				SDKROOT = iphoneos;
				SWIFT_ACTIVE_COMPILATION_CONDITIONS = DEBUG;
				SWIFT_OPTIMIZATION_LEVEL = "-Onone";
			};
			name = Debug;
		};
		BF4C6255203B3A24008107B4 /* Release */ = {
			isa = XCBuildConfiguration;
			buildSettings = {
				ALWAYS_SEARCH_USER_PATHS = NO;
				CLANG_ANALYZER_NONNULL = YES;
				CLANG_ANALYZER_NUMBER_OBJECT_CONVERSION = YES_AGGRESSIVE;
				CLANG_CXX_LANGUAGE_STANDARD = "gnu++14";
				CLANG_CXX_LIBRARY = "libc++";
				CLANG_ENABLE_MODULES = YES;
				CLANG_ENABLE_OBJC_ARC = YES;
				CLANG_WARN_BLOCK_CAPTURE_AUTORELEASING = YES;
				CLANG_WARN_BOOL_CONVERSION = YES;
				CLANG_WARN_COMMA = YES;
				CLANG_WARN_CONSTANT_CONVERSION = YES;
				CLANG_WARN_DIRECT_OBJC_ISA_USAGE = YES_ERROR;
				CLANG_WARN_DOCUMENTATION_COMMENTS = YES;
				CLANG_WARN_EMPTY_BODY = YES;
				CLANG_WARN_ENUM_CONVERSION = YES;
				CLANG_WARN_INFINITE_RECURSION = YES;
				CLANG_WARN_INT_CONVERSION = YES;
				CLANG_WARN_NON_LITERAL_NULL_CONVERSION = YES;
				CLANG_WARN_OBJC_LITERAL_CONVERSION = YES;
				CLANG_WARN_OBJC_ROOT_CLASS = YES_ERROR;
				CLANG_WARN_RANGE_LOOP_ANALYSIS = YES;
				CLANG_WARN_STRICT_PROTOTYPES = YES;
				CLANG_WARN_SUSPICIOUS_MOVE = YES;
				CLANG_WARN_UNGUARDED_AVAILABILITY = YES_AGGRESSIVE;
				CLANG_WARN_UNREACHABLE_CODE = YES;
				CLANG_WARN__DUPLICATE_METHOD_MATCH = YES;
				CODE_SIGN_IDENTITY = "iPhone Developer";
				COPY_PHASE_STRIP = NO;
				DEBUG_INFORMATION_FORMAT = "dwarf-with-dsym";
				ENABLE_NS_ASSERTIONS = NO;
				ENABLE_STRICT_OBJC_MSGSEND = YES;
				GCC_C_LANGUAGE_STANDARD = gnu11;
				GCC_NO_COMMON_BLOCKS = YES;
				GCC_WARN_64_TO_32_BIT_CONVERSION = YES;
				GCC_WARN_ABOUT_RETURN_TYPE = YES_ERROR;
				GCC_WARN_UNDECLARED_SELECTOR = YES;
				GCC_WARN_UNINITIALIZED_AUTOS = YES_AGGRESSIVE;
				GCC_WARN_UNUSED_FUNCTION = YES;
				GCC_WARN_UNUSED_VARIABLE = YES;
				IPHONEOS_DEPLOYMENT_TARGET = 11.2;
				MTL_ENABLE_DEBUG_INFO = NO;
				SDKROOT = iphoneos;
				SWIFT_OPTIMIZATION_LEVEL = "-Owholemodule";
				VALIDATE_PRODUCT = YES;
			};
			name = Release;
		};
		BF4C6257203B3A24008107B4 /* Debug */ = {
			isa = XCBuildConfiguration;
			buildSettings = {
				ASSETCATALOG_COMPILER_APPICON_NAME = AppIcon;
				CODE_SIGN_STYLE = Automatic;
				DEVELOPMENT_TEAM = E9E8YC38ND;
				INFOPLIST_FILE = ToDoList/Info.plist;
				LD_RUNPATH_SEARCH_PATHS = "$(inherited) @executable_path/Frameworks";
				PRODUCT_BUNDLE_IDENTIFIER = Epitech.ToDoList;
				PRODUCT_NAME = "$(TARGET_NAME)";
				SWIFT_VERSION = 4.0;
				TARGETED_DEVICE_FAMILY = 1;
			};
			name = Debug;
		};
		BF4C6258203B3A24008107B4 /* Release */ = {
			isa = XCBuildConfiguration;
			buildSettings = {
				ASSETCATALOG_COMPILER_APPICON_NAME = AppIcon;
				CODE_SIGN_STYLE = Automatic;
				DEVELOPMENT_TEAM = E9E8YC38ND;
				INFOPLIST_FILE = ToDoList/Info.plist;
				LD_RUNPATH_SEARCH_PATHS = "$(inherited) @executable_path/Frameworks";
				PRODUCT_BUNDLE_IDENTIFIER = Epitech.ToDoList;
				PRODUCT_NAME = "$(TARGET_NAME)";
				SWIFT_VERSION = 4.0;
				TARGETED_DEVICE_FAMILY = 1;
			};
			name = Release;
		};
		BF8F6F7E2045C90900D187FB /* Debug */ = {
			isa = XCBuildConfiguration;
			buildSettings = {
				BUNDLE_LOADER = "$(TEST_HOST)";
				CODE_SIGN_STYLE = Automatic;
				DEVELOPMENT_TEAM = E9E8YC38ND;
				INFOPLIST_FILE = ToDoListTests/Info.plist;
				LD_RUNPATH_SEARCH_PATHS = "$(inherited) @executable_path/Frameworks @loader_path/Frameworks";
				PRODUCT_BUNDLE_IDENTIFIER = Epitech.ToDoListTests;
				PRODUCT_NAME = "$(TARGET_NAME)";
				SWIFT_VERSION = 4.0;
				TARGETED_DEVICE_FAMILY = "1,2";
				TEST_HOST = "$(BUILT_PRODUCTS_DIR)/ToDoList.app/ToDoList";
			};
			name = Debug;
		};
		BF8F6F7F2045C90900D187FB /* Release */ = {
			isa = XCBuildConfiguration;
			buildSettings = {
				BUNDLE_LOADER = "$(TEST_HOST)";
				CODE_SIGN_STYLE = Automatic;
				DEVELOPMENT_TEAM = E9E8YC38ND;
				INFOPLIST_FILE = ToDoListTests/Info.plist;
				LD_RUNPATH_SEARCH_PATHS = "$(inherited) @executable_path/Frameworks @loader_path/Frameworks";
				PRODUCT_BUNDLE_IDENTIFIER = Epitech.ToDoListTests;
				PRODUCT_NAME = "$(TARGET_NAME)";
				SWIFT_VERSION = 4.0;
				TARGETED_DEVICE_FAMILY = "1,2";
				TEST_HOST = "$(BUILT_PRODUCTS_DIR)/ToDoList.app/ToDoList";
			};
			name = Release;
		};
/* End XCBuildConfiguration section */

/* Begin XCConfigurationList section */
		BF4C623F203B3A24008107B4 /* Build configuration list for PBXProject "ToDoList" */ = {
			isa = XCConfigurationList;
			buildConfigurations = (
				BF4C6254203B3A24008107B4 /* Debug */,
				BF4C6255203B3A24008107B4 /* Release */,
			);
			defaultConfigurationIsVisible = 0;
			defaultConfigurationName = Release;
		};
		BF4C6256203B3A24008107B4 /* Build configuration list for PBXNativeTarget "ToDoList" */ = {
			isa = XCConfigurationList;
			buildConfigurations = (
				BF4C6257203B3A24008107B4 /* Debug */,
				BF4C6258203B3A24008107B4 /* Release */,
			);
			defaultConfigurationIsVisible = 0;
			defaultConfigurationName = Release;
		};
		BF8F6F7D2045C90900D187FB /* Build configuration list for PBXNativeTarget "ToDoListTests" */ = {
			isa = XCConfigurationList;
			buildConfigurations = (
				BF8F6F7E2045C90900D187FB /* Debug */,
				BF8F6F7F2045C90900D187FB /* Release */,
			);
			defaultConfigurationIsVisible = 0;
			defaultConfigurationName = Release;
		};
/* End XCConfigurationList section */
	};
	rootObject = BF4C623C203B3A24008107B4 /* Project object */;
}
